
Microsoft Visual Studio Solution File, Format Version 12.00
# Visual Studio Version 16
VisualStudioVersion = 16.0.29409.12
MinimumVisualStudioVersion = 10.0.40219.1
Project("{9A19103F-16F7-4668-BE54-9A1E7A4F7556}") = "BuildMySoftware.DDDTraining.Web", "BuildMySoftware.DDDTraining.Web\BuildMySoftware.DDDTraining.Web.csproj", "{47AC6AB2-1C44-46E4-A2DB-0B7D163B643D}"
EndProject
Project("{9A19103F-16F7-4668-BE54-9A1E7A4F7556}") = "BuildMySoftware.DDDTraining.Bike.Domain", "BuildMySoftware.DDDTraining.Bike.Domain\BuildMySoftware.DDDTraining.Bike.Domain.csproj", "{4C37F5FC-7F6A-4D26-8085-40D04DE57353}"
EndProject
Project("{9A19103F-16F7-4668-BE54-9A1E7A4F7556}") = "BuildMySoftware.DDDTraining.Bike.Domain.Tests", "BuildMySoftware.DDDTraining.Bike.Domain.Tests\BuildMySoftware.DDDTraining.Bike.Domain.Tests.csproj", "{38C3614D-82CA-489F-AC04-756469024758}"
EndProject
Project("{9A19103F-16F7-4668-BE54-9A1E7A4F7556}") = "BuildMySoftware.DDDTraining.CertIT.Domain", "BuildMySoftware.DDDTraining.CertIT.Domain\BuildMySoftware.DDDTraining.CertIT.Domain.csproj", "{4D85C635-1413-4AB7-834F-2BB426E25EF5}"
EndProject
Project("{9A19103F-16F7-4668-BE54-9A1E7A4F7556}") = "BuildMySoftware.DDDTraining.CertIT.Domain.Tests", "BuildMySoftware.DDDTraining.CertIT.Domain.Tests\BuildMySoftware.DDDTraining.CertIT.Domain.Tests.csproj", "{2D3426F9-0A5D-4E15-AE8F-72A815C9981A}"
EndProject
Project("{FAE04EC0-301F-11D3-BF4B-00C04F79EFBC}") = "BuildMySoftware.DDDTraining.Order.Domain.Tests", "BuildMySoftware.DDDTraining.Order.Domain.Tests\BuildMySoftware.DDDTraining.Order.Domain.Tests.csproj", "{911E60F1-F764-4900-B260-3B495ABEF085}"
EndProject
Project("{FAE04EC0-301F-11D3-BF4B-00C04F79EFBC}") = "BuildMySoftware.DDDTraining.Order.Domain", "BuildMySoftware.DDDTraining.Order.Domain\BuildMySoftware.DDDTraining.Order.Domain.csproj", "{05EA1728-FF44-42DD-8E4F-0D8D632BEA5A}"
EndProject
Project("{FAE04EC0-301F-11D3-BF4B-00C04F79EFBC}") = "BuildMySoftware.DDDTraining.SharedKernel", "BuildMySoftware.DDDTraining.SharedKernel\BuildMySoftware.DDDTraining.SharedKernel.csproj", "{542FBAD5-9852-42AA-83EA-29491CCF1AD9}"
EndProject
Project("{FAE04EC0-301F-11D3-BF4B-00C04F79EFBC}") = "BuildMySoftware.DDDTraining.Order.Infrastructure", "BuildMySoftware.DDDTraining.Order.Infrastructure\BuildMySoftware.DDDTraining.Order.Infrastructure.csproj", "{DEE9BEF5-F4DA-42D3-9773-CC5C3859271E}"
EndProject
Project("{FAE04EC0-301F-11D3-BF4B-00C04F79EFBC}") = "BuildMySoftware.DDDTraining.Order.Application", "BuildMySoftware.DDDTraining.Order.Application\BuildMySoftware.DDDTraining.Order.Application.csproj", "{1E8EB4BF-2104-4365-8EC3-C3C0FE885E67}"
EndProject
Project("{FAE04EC0-301F-11D3-BF4B-00C04F79EFBC}") = "BuildMySoftware.DDDTraining.Order.Application.Tests", "BuildMySoftware.DDDTraining.Order.Application.Tests\BuildMySoftware.DDDTraining.Order.Application.Tests.csproj", "{002B4ECF-D899-4C60-BDE2-6A9A35585647}"
EndProject
Global
	GlobalSection(SolutionConfigurationPlatforms) = preSolution
		Debug|Any CPU = Debug|Any CPU
		Release|Any CPU = Release|Any CPU
	EndGlobalSection
	GlobalSection(ProjectConfigurationPlatforms) = postSolution
		{47AC6AB2-1C44-46E4-A2DB-0B7D163B643D}.Debug|Any CPU.ActiveCfg = Debug|Any CPU
		{47AC6AB2-1C44-46E4-A2DB-0B7D163B643D}.Debug|Any CPU.Build.0 = Debug|Any CPU
		{47AC6AB2-1C44-46E4-A2DB-0B7D163B643D}.Release|Any CPU.ActiveCfg = Release|Any CPU
		{47AC6AB2-1C44-46E4-A2DB-0B7D163B643D}.Release|Any CPU.Build.0 = Release|Any CPU
		{4C37F5FC-7F6A-4D26-8085-40D04DE57353}.Debug|Any CPU.ActiveCfg = Debug|Any CPU
		{4C37F5FC-7F6A-4D26-8085-40D04DE57353}.Debug|Any CPU.Build.0 = Debug|Any CPU
		{4C37F5FC-7F6A-4D26-8085-40D04DE57353}.Release|Any CPU.ActiveCfg = Release|Any CPU
		{4C37F5FC-7F6A-4D26-8085-40D04DE57353}.Release|Any CPU.Build.0 = Release|Any CPU
		{38C3614D-82CA-489F-AC04-756469024758}.Debug|Any CPU.ActiveCfg = Debug|Any CPU
		{38C3614D-82CA-489F-AC04-756469024758}.Debug|Any CPU.Build.0 = Debug|Any CPU
		{38C3614D-82CA-489F-AC04-756469024758}.Release|Any CPU.ActiveCfg = Release|Any CPU
		{38C3614D-82CA-489F-AC04-756469024758}.Release|Any CPU.Build.0 = Release|Any CPU
		{4D85C635-1413-4AB7-834F-2BB426E25EF5}.Debug|Any CPU.ActiveCfg = Debug|Any CPU
		{4D85C635-1413-4AB7-834F-2BB426E25EF5}.Debug|Any CPU.Build.0 = Debug|Any CPU
		{4D85C635-1413-4AB7-834F-2BB426E25EF5}.Release|Any CPU.ActiveCfg = Release|Any CPU
		{4D85C635-1413-4AB7-834F-2BB426E25EF5}.Release|Any CPU.Build.0 = Release|Any CPU
		{2D3426F9-0A5D-4E15-AE8F-72A815C9981A}.Debug|Any CPU.ActiveCfg = Debug|Any CPU
		{2D3426F9-0A5D-4E15-AE8F-72A815C9981A}.Debug|Any CPU.Build.0 = Debug|Any CPU
		{2D3426F9-0A5D-4E15-AE8F-72A815C9981A}.Release|Any CPU.ActiveCfg = Release|Any CPU
		{2D3426F9-0A5D-4E15-AE8F-72A815C9981A}.Release|Any CPU.Build.0 = Release|Any CPU
		{911E60F1-F764-4900-B260-3B495ABEF085}.Debug|Any CPU.ActiveCfg = Debug|Any CPU
		{911E60F1-F764-4900-B260-3B495ABEF085}.Debug|Any CPU.Build.0 = Debug|Any CPU
		{911E60F1-F764-4900-B260-3B495ABEF085}.Release|Any CPU.ActiveCfg = Release|Any CPU
		{911E60F1-F764-4900-B260-3B495ABEF085}.Release|Any CPU.Build.0 = Release|Any CPU
		{05EA1728-FF44-42DD-8E4F-0D8D632BEA5A}.Debug|Any CPU.ActiveCfg = Debug|Any CPU
		{05EA1728-FF44-42DD-8E4F-0D8D632BEA5A}.Debug|Any CPU.Build.0 = Debug|Any CPU
		{05EA1728-FF44-42DD-8E4F-0D8D632BEA5A}.Release|Any CPU.ActiveCfg = Release|Any CPU
		{05EA1728-FF44-42DD-8E4F-0D8D632BEA5A}.Release|Any CPU.Build.0 = Release|Any CPU
		{542FBAD5-9852-42AA-83EA-29491CCF1AD9}.Debug|Any CPU.ActiveCfg = Debug|Any CPU
		{542FBAD5-9852-42AA-83EA-29491CCF1AD9}.Debug|Any CPU.Build.0 = Debug|Any CPU
		{542FBAD5-9852-42AA-83EA-29491CCF1AD9}.Release|Any CPU.ActiveCfg = Release|Any CPU
		{542FBAD5-9852-42AA-83EA-29491CCF1AD9}.Release|Any CPU.Build.0 = Release|Any CPU
		{DEE9BEF5-F4DA-42D3-9773-CC5C3859271E}.Debug|Any CPU.ActiveCfg = Debug|Any CPU
		{DEE9BEF5-F4DA-42D3-9773-CC5C3859271E}.Debug|Any CPU.Build.0 = Debug|Any CPU
		{DEE9BEF5-F4DA-42D3-9773-CC5C3859271E}.Release|Any CPU.ActiveCfg = Release|Any CPU
		{DEE9BEF5-F4DA-42D3-9773-CC5C3859271E}.Release|Any CPU.Build.0 = Release|Any CPU
		{1E8EB4BF-2104-4365-8EC3-C3C0FE885E67}.Debug|Any CPU.ActiveCfg = Debug|Any CPU
		{1E8EB4BF-2104-4365-8EC3-C3C0FE885E67}.Debug|Any CPU.Build.0 = Debug|Any CPU
		{1E8EB4BF-2104-4365-8EC3-C3C0FE885E67}.Release|Any CPU.ActiveCfg = Release|Any CPU
		{1E8EB4BF-2104-4365-8EC3-C3C0FE885E67}.Release|Any CPU.Build.0 = Release|Any CPU
		{002B4ECF-D899-4C60-BDE2-6A9A35585647}.Debug|Any CPU.ActiveCfg = Debug|Any CPU
		{002B4ECF-D899-4C60-BDE2-6A9A35585647}.Debug|Any CPU.Build.0 = Debug|Any CPU
		{002B4ECF-D899-4C60-BDE2-6A9A35585647}.Release|Any CPU.ActiveCfg = Release|Any CPU
		{002B4ECF-D899-4C60-BDE2-6A9A35585647}.Release|Any CPU.Build.0 = Release|Any CPU
	EndGlobalSection
	GlobalSection(SolutionProperties) = preSolution
		HideSolutionNode = FALSE
	EndGlobalSection
	GlobalSection(ExtensibilityGlobals) = postSolution
		SolutionGuid = {ACE8E924-3B1B-4C56-B7CA-DAA3A395E1AC}
	EndGlobalSection
EndGlobal
